// !$*UTF8*$!
{
	archiveVersion = 1;
	classes = {
	};
	objectVersion = 56;
	objects = {

/* Begin PBXBuildFile section */
		91BFCB3C2AA0A86F000BB0D0 /* AppDelegate.swift in Sources */ = {isa = PBXBuildFile; fileRef = 91BFCB3B2AA0A86F000BB0D0 /* AppDelegate.swift */; };
		91BFCB3E2AA0A86F000BB0D0 /* SceneDelegate.swift in Sources */ = {isa = PBXBuildFile; fileRef = 91BFCB3D2AA0A86F000BB0D0 /* SceneDelegate.swift */; };
		91BFCB402AA0A86F000BB0D0 /* TopQuestionsViewController.swift in Sources */ = {isa = PBXBuildFile; fileRef = 91BFCB3F2AA0A86F000BB0D0 /* TopQuestionsViewController.swift */; };
		91BFCB452AA0A870000BB0D0 /* Assets.xcassets in Resources */ = {isa = PBXBuildFile; fileRef = 91BFCB442AA0A870000BB0D0 /* Assets.xcassets */; };
		91BFCB482AA0A870000BB0D0 /* LaunchScreen.storyboard in Resources */ = {isa = PBXBuildFile; fileRef = 91BFCB462AA0A870000BB0D0 /* LaunchScreen.storyboard */; };
		91BFCB532AA0A870000BB0D0 /* TOPQuestionsTests.swift in Sources */ = {isa = PBXBuildFile; fileRef = 91BFCB522AA0A870000BB0D0 /* TOPQuestionsTests.swift */; };
		91BFCB5D2AA0A870000BB0D0 /* TOPQuestionsUITests.swift in Sources */ = {isa = PBXBuildFile; fileRef = 91BFCB5C2AA0A870000BB0D0 /* TOPQuestionsUITests.swift */; };
		91BFCB5F2AA0A871000BB0D0 /* TOPQuestionsUITestsLaunchTests.swift in Sources */ = {isa = PBXBuildFile; fileRef = 91BFCB5E2AA0A871000BB0D0 /* TOPQuestionsUITestsLaunchTests.swift */; };
		91BFCB6C2AA0AA39000BB0D0 /* QuestionDataModel.swift in Sources */ = {isa = PBXBuildFile; fileRef = 91BFCB6B2AA0AA39000BB0D0 /* QuestionDataModel.swift */; };
		91BFCB6E2AA0ABD3000BB0D0 /* QuestionViewController.swift in Sources */ = {isa = PBXBuildFile; fileRef = 91BFCB6D2AA0ABD3000BB0D0 /* QuestionViewController.swift */; };
		91BFCB702AA0ABEB000BB0D0 /* QuestionsDataModel.swift in Sources */ = {isa = PBXBuildFile; fileRef = 91BFCB6F2AA0ABEB000BB0D0 /* QuestionsDataModel.swift */; };
		91BFCB722AA0AC02000BB0D0 /* NetworkRequest.swift in Sources */ = {isa = PBXBuildFile; fileRef = 91BFCB712AA0AC02000BB0D0 /* NetworkRequest.swift */; };
		91BFCB742AA0AC14000BB0D0 /* Formatting.swift in Sources */ = {isa = PBXBuildFile; fileRef = 91BFCB732AA0AC14000BB0D0 /* Formatting.swift */; };
		91BFCB762AA0AC20000BB0D0 /* ModelTypes.swift in Sources */ = {isa = PBXBuildFile; fileRef = 91BFCB752AA0AC20000BB0D0 /* ModelTypes.swift */; };
/* End PBXBuildFile section */

/* Begin PBXContainerItemProxy section */
		91BFCB4F2AA0A870000BB0D0 /* PBXContainerItemProxy */ = {
			isa = PBXContainerItemProxy;
			containerPortal = 91BFCB302AA0A86F000BB0D0 /* Project object */;
			proxyType = 1;
			remoteGlobalIDString = 91BFCB372AA0A86F000BB0D0;
			remoteInfo = TOPQuestions;
		};
		91BFCB592AA0A870000BB0D0 /* PBXContainerItemProxy */ = {
			isa = PBXContainerItemProxy;
			containerPortal = 91BFCB302AA0A86F000BB0D0 /* Project object */;
			proxyType = 1;
			remoteGlobalIDString = 91BFCB372AA0A86F000BB0D0;
			remoteInfo = TOPQuestions;
		};
/* End PBXContainerItemProxy section */

/* Begin PBXFileReference section */
		91BFCB382AA0A86F000BB0D0 /* TOPQuestions.app */ = {isa = PBXFileReference; explicitFileType = wrapper.application; includeInIndex = 0; path = TOPQuestions.app; sourceTree = BUILT_PRODUCTS_DIR; };
		91BFCB3B2AA0A86F000BB0D0 /* AppDelegate.swift */ = {isa = PBXFileReference; lastKnownFileType = sourcecode.swift; path = AppDelegate.swift; sourceTree = "<group>"; };
		91BFCB3D2AA0A86F000BB0D0 /* SceneDelegate.swift */ = {isa = PBXFileReference; lastKnownFileType = sourcecode.swift; path = SceneDelegate.swift; sourceTree = "<group>"; };
		91BFCB3F2AA0A86F000BB0D0 /* TopQuestionsViewController.swift */ = {isa = PBXFileReference; lastKnownFileType = sourcecode.swift; path = TopQuestionsViewController.swift; sourceTree = "<group>"; };
		91BFCB442AA0A870000BB0D0 /* Assets.xcassets */ = {isa = PBXFileReference; lastKnownFileType = folder.assetcatalog; path = Assets.xcassets; sourceTree = "<group>"; };
		91BFCB472AA0A870000BB0D0 /* Base */ = {isa = PBXFileReference; lastKnownFileType = file.storyboard; name = Base; path = Base.lproj/LaunchScreen.storyboard; sourceTree = "<group>"; };
		91BFCB492AA0A870000BB0D0 /* Info.plist */ = {isa = PBXFileReference; lastKnownFileType = text.plist.xml; path = Info.plist; sourceTree = "<group>"; };
		91BFCB4E2AA0A870000BB0D0 /* TOPQuestionsTests.xctest */ = {isa = PBXFileReference; explicitFileType = wrapper.cfbundle; includeInIndex = 0; path = TOPQuestionsTests.xctest; sourceTree = BUILT_PRODUCTS_DIR; };
		91BFCB522AA0A870000BB0D0 /* TOPQuestionsTests.swift */ = {isa = PBXFileReference; lastKnownFileType = sourcecode.swift; path = TOPQuestionsTests.swift; sourceTree = "<group>"; };
		91BFCB582AA0A870000BB0D0 /* TOPQuestionsUITests.xctest */ = {isa = PBXFileReference; explicitFileType = wrapper.cfbundle; includeInIndex = 0; path = TOPQuestionsUITests.xctest; sourceTree = BUILT_PRODUCTS_DIR; };
		91BFCB5C2AA0A870000BB0D0 /* TOPQuestionsUITests.swift */ = {isa = PBXFileReference; lastKnownFileType = sourcecode.swift; path = TOPQuestionsUITests.swift; sourceTree = "<group>"; };
		91BFCB5E2AA0A871000BB0D0 /* TOPQuestionsUITestsLaunchTests.swift */ = {isa = PBXFileReference; lastKnownFileType = sourcecode.swift; path = TOPQuestionsUITestsLaunchTests.swift; sourceTree = "<group>"; };
		91BFCB6B2AA0AA39000BB0D0 /* QuestionDataModel.swift */ = {isa = PBXFileReference; lastKnownFileType = sourcecode.swift; path = QuestionDataModel.swift; sourceTree = "<group>"; };
		91BFCB6D2AA0ABD3000BB0D0 /* QuestionViewController.swift */ = {isa = PBXFileReference; lastKnownFileType = sourcecode.swift; path = QuestionViewController.swift; sourceTree = "<group>"; };
		91BFCB6F2AA0ABEB000BB0D0 /* QuestionsDataModel.swift */ = {isa = PBXFileReference; lastKnownFileType = sourcecode.swift; path = QuestionsDataModel.swift; sourceTree = "<group>"; };
		91BFCB712AA0AC02000BB0D0 /* NetworkRequest.swift */ = {isa = PBXFileReference; lastKnownFileType = sourcecode.swift; path = NetworkRequest.swift; sourceTree = "<group>"; };
		91BFCB732AA0AC14000BB0D0 /* Formatting.swift */ = {isa = PBXFileReference; lastKnownFileType = sourcecode.swift; path = Formatting.swift; sourceTree = "<group>"; };
		91BFCB752AA0AC20000BB0D0 /* ModelTypes.swift */ = {isa = PBXFileReference; lastKnownFileType = sourcecode.swift; path = ModelTypes.swift; sourceTree = "<group>"; };
/* End PBXFileReference section */

/* Begin PBXFrameworksBuildPhase section */
		91BFCB352AA0A86F000BB0D0 /* Frameworks */ = {
			isa = PBXFrameworksBuildPhase;
			buildActionMask = 2147483647;
			files = (
			);
			runOnlyForDeploymentPostprocessing = 0;
		};
		91BFCB4B2AA0A870000BB0D0 /* Frameworks */ = {
			isa = PBXFrameworksBuildPhase;
			buildActionMask = 2147483647;
			files = (
			);
			runOnlyForDeploymentPostprocessing = 0;
		};
		91BFCB552AA0A870000BB0D0 /* Frameworks */ = {
			isa = PBXFrameworksBuildPhase;
			buildActionMask = 2147483647;
			files = (
			);
			runOnlyForDeploymentPostprocessing = 0;
		};
/* End PBXFrameworksBuildPhase section */

/* Begin PBXGroup section */
		91BFCB2F2AA0A86F000BB0D0 = {
			isa = PBXGroup;
			children = (
				91BFCB3A2AA0A86F000BB0D0 /* TOPQuestions */,
				91BFCB512AA0A870000BB0D0 /* TOPQuestionsTests */,
				91BFCB5B2AA0A870000BB0D0 /* TOPQuestionsUITests */,
				91BFCB392AA0A86F000BB0D0 /* Products */,
			);
			sourceTree = "<group>";
		};
		91BFCB392AA0A86F000BB0D0 /* Products */ = {
			isa = PBXGroup;
			children = (
				91BFCB382AA0A86F000BB0D0 /* TOPQuestions.app */,
				91BFCB4E2AA0A870000BB0D0 /* TOPQuestionsTests.xctest */,
				91BFCB582AA0A870000BB0D0 /* TOPQuestionsUITests.xctest */,
			);
			name = Products;
			sourceTree = "<group>";
		};
		91BFCB3A2AA0A86F000BB0D0 /* TOPQuestions */ = {
			isa = PBXGroup;
			children = (
				91BFCB3B2AA0A86F000BB0D0 /* AppDelegate.swift */,
				91BFCB3D2AA0A86F000BB0D0 /* SceneDelegate.swift */,
				91BFCB3F2AA0A86F000BB0D0 /* TopQuestionsViewController.swift */,
				91BFCB442AA0A870000BB0D0 /* Assets.xcassets */,
				91BFCB462AA0A870000BB0D0 /* LaunchScreen.storyboard */,
				91BFCB492AA0A870000BB0D0 /* Info.plist */,
				91BFCB6B2AA0AA39000BB0D0 /* QuestionDataModel.swift */,
				91BFCB6D2AA0ABD3000BB0D0 /* QuestionViewController.swift */,
				91BFCB6F2AA0ABEB000BB0D0 /* QuestionsDataModel.swift */,
				91BFCB712AA0AC02000BB0D0 /* NetworkRequest.swift */,
				91BFCB732AA0AC14000BB0D0 /* Formatting.swift */,
				91BFCB752AA0AC20000BB0D0 /* ModelTypes.swift */,
			);
			path = TOPQuestions;
			sourceTree = "<group>";
		};
		91BFCB512AA0A870000BB0D0 /* TOPQuestionsTests */ = {
			isa = PBXGroup;
			children = (
				91BFCB522AA0A870000BB0D0 /* TOPQuestionsTests.swift */,
			);
			path = TOPQuestionsTests;
			sourceTree = "<group>";
		};
		91BFCB5B2AA0A870000BB0D0 /* TOPQuestionsUITests */ = {
			isa = PBXGroup;
			children = (
				91BFCB5C2AA0A870000BB0D0 /* TOPQuestionsUITests.swift */,
				91BFCB5E2AA0A871000BB0D0 /* TOPQuestionsUITestsLaunchTests.swift */,
			);
			path = TOPQuestionsUITests;
			sourceTree = "<group>";
		};
/* End PBXGroup section */

/* Begin PBXNativeTarget section */
		91BFCB372AA0A86F000BB0D0 /* TOPQuestions */ = {
			isa = PBXNativeTarget;
			buildConfigurationList = 91BFCB622AA0A871000BB0D0 /* Build configuration list for PBXNativeTarget "TOPQuestions" */;
			buildPhases = (
				91BFCB342AA0A86F000BB0D0 /* Sources */,
				91BFCB352AA0A86F000BB0D0 /* Frameworks */,
				91BFCB362AA0A86F000BB0D0 /* Resources */,
			);
			buildRules = (
			);
			dependencies = (
			);
			name = TOPQuestions;
			productName = TOPQuestions;
			productReference = 91BFCB382AA0A86F000BB0D0 /* TOPQuestions.app */;
			productType = "com.apple.product-type.application";
		};
		91BFCB4D2AA0A870000BB0D0 /* TOPQuestionsTests */ = {
			isa = PBXNativeTarget;
			buildConfigurationList = 91BFCB652AA0A871000BB0D0 /* Build configuration list for PBXNativeTarget "TOPQuestionsTests" */;
			buildPhases = (
				91BFCB4A2AA0A870000BB0D0 /* Sources */,
				91BFCB4B2AA0A870000BB0D0 /* Frameworks */,
				91BFCB4C2AA0A870000BB0D0 /* Resources */,
			);
			buildRules = (
			);
			dependencies = (
				91BFCB502AA0A870000BB0D0 /* PBXTargetDependency */,
			);
			name = TOPQuestionsTests;
			productName = TOPQuestionsTests;
			productReference = 91BFCB4E2AA0A870000BB0D0 /* TOPQuestionsTests.xctest */;
			productType = "com.apple.product-type.bundle.unit-test";
		};
		91BFCB572AA0A870000BB0D0 /* TOPQuestionsUITests */ = {
			isa = PBXNativeTarget;
			buildConfigurationList = 91BFCB682AA0A871000BB0D0 /* Build configuration list for PBXNativeTarget "TOPQuestionsUITests" */;
			buildPhases = (
				91BFCB542AA0A870000BB0D0 /* Sources */,
				91BFCB552AA0A870000BB0D0 /* Frameworks */,
				91BFCB562AA0A870000BB0D0 /* Resources */,
			);
			buildRules = (
			);
			dependencies = (
				91BFCB5A2AA0A870000BB0D0 /* PBXTargetDependency */,
			);
			name = TOPQuestionsUITests;
			productName = TOPQuestionsUITests;
			productReference = 91BFCB582AA0A870000BB0D0 /* TOPQuestionsUITests.xctest */;
			productType = "com.apple.product-type.bundle.ui-testing";
		};
/* End PBXNativeTarget section */

/* Begin PBXProject section */
		91BFCB302AA0A86F000BB0D0 /* Project object */ = {
			isa = PBXProject;
			attributes = {
				BuildIndependentTargetsInParallel = 1;
				LastSwiftUpdateCheck = 1430;
				LastUpgradeCheck = 1430;
				TargetAttributes = {
					91BFCB372AA0A86F000BB0D0 = {
						CreatedOnToolsVersion = 14.3.1;
					};
					91BFCB4D2AA0A870000BB0D0 = {
						CreatedOnToolsVersion = 14.3.1;
						TestTargetID = 91BFCB372AA0A86F000BB0D0;
					};
					91BFCB572AA0A870000BB0D0 = {
						CreatedOnToolsVersion = 14.3.1;
						TestTargetID = 91BFCB372AA0A86F000BB0D0;
					};
				};
			};
			buildConfigurationList = 91BFCB332AA0A86F000BB0D0 /* Build configuration list for PBXProject "TOPQuestions" */;
			compatibilityVersion = "Xcode 14.0";
			developmentRegion = en;
			hasScannedForEncodings = 0;
			knownRegions = (
				en,
				Base,
			);
			mainGroup = 91BFCB2F2AA0A86F000BB0D0;
			productRefGroup = 91BFCB392AA0A86F000BB0D0 /* Products */;
			projectDirPath = "";
			projectRoot = "";
			targets = (
				91BFCB372AA0A86F000BB0D0 /* TOPQuestions */,
				91BFCB4D2AA0A870000BB0D0 /* TOPQuestionsTests */,
				91BFCB572AA0A870000BB0D0 /* TOPQuestionsUITests */,
			);
		};
/* End PBXProject section */

/* Begin PBXResourcesBuildPhase section */
		91BFCB362AA0A86F000BB0D0 /* Resources */ = {
			isa = PBXResourcesBuildPhase;
			buildActionMask = 2147483647;
			files = (
				91BFCB482AA0A870000BB0D0 /* LaunchScreen.storyboard in Resources */,
				91BFCB452AA0A870000BB0D0 /* Assets.xcassets in Resources */,
			);
			runOnlyForDeploymentPostprocessing = 0;
		};
		91BFCB4C2AA0A870000BB0D0 /* Resources */ = {
			isa = PBXResourcesBuildPhase;
			buildActionMask = 2147483647;
			files = (
			);
			runOnlyForDeploymentPostprocessing = 0;
		};
		91BFCB562AA0A870000BB0D0 /* Resources */ = {
			isa = PBXResourcesBuildPhase;
			buildActionMask = 2147483647;
			files = (
			);
			runOnlyForDeploymentPostprocessing = 0;
		};
/* End PBXResourcesBuildPhase section */

/* Begin PBXSourcesBuildPhase section */
		91BFCB342AA0A86F000BB0D0 /* Sources */ = {
			isa = PBXSourcesBuildPhase;
			buildActionMask = 2147483647;
			files = (
				91BFCB722AA0AC02000BB0D0 /* NetworkRequest.swift in Sources */,
				91BFCB402AA0A86F000BB0D0 /* TopQuestionsViewController.swift in Sources */,
				91BFCB702AA0ABEB000BB0D0 /* QuestionsDataModel.swift in Sources */,
				91BFCB6E2AA0ABD3000BB0D0 /* QuestionViewController.swift in Sources */,
				91BFCB6C2AA0AA39000BB0D0 /* QuestionDataModel.swift in Sources */,
				91BFCB3C2AA0A86F000BB0D0 /* AppDelegate.swift in Sources */,
				91BFCB742AA0AC14000BB0D0 /* Formatting.swift in Sources */,
				91BFCB3E2AA0A86F000BB0D0 /* SceneDelegate.swift in Sources */,
				91BFCB762AA0AC20000BB0D0 /* ModelTypes.swift in Sources */,
			);
			runOnlyForDeploymentPostprocessing = 0;
		};
		91BFCB4A2AA0A870000BB0D0 /* Sources */ = {
			isa = PBXSourcesBuildPhase;
			buildActionMask = 2147483647;
			files = (
				91BFCB532AA0A870000BB0D0 /* TOPQuestionsTests.swift in Sources */,
			);
			runOnlyForDeploymentPostprocessing = 0;
		};
		91BFCB542AA0A870000BB0D0 /* Sources */ = {
			isa = PBXSourcesBuildPhase;
			buildActionMask = 2147483647;
			files = (
				91BFCB5F2AA0A871000BB0D0 /* TOPQuestionsUITestsLaunchTests.swift in Sources */,
				91BFCB5D2AA0A870000BB0D0 /* TOPQuestionsUITests.swift in Sources */,
			);
			runOnlyForDeploymentPostprocessing = 0;
		};
/* End PBXSourcesBuildPhase section */

/* Begin PBXTargetDependency section */
		91BFCB502AA0A870000BB0D0 /* PBXTargetDependency */ = {
			isa = PBXTargetDependency;
			target = 91BFCB372AA0A86F000BB0D0 /* TOPQuestions */;
			targetProxy = 91BFCB4F2AA0A870000BB0D0 /* PBXContainerItemProxy */;
		};
		91BFCB5A2AA0A870000BB0D0 /* PBXTargetDependency */ = {
			isa = PBXTargetDependency;
			target = 91BFCB372AA0A86F000BB0D0 /* TOPQuestions */;
			targetProxy = 91BFCB592AA0A870000BB0D0 /* PBXContainerItemProxy */;
		};
/* End PBXTargetDependency section */

/* Begin PBXVariantGroup section */
		91BFCB462AA0A870000BB0D0 /* LaunchScreen.storyboard */ = {
			isa = PBXVariantGroup;
			children = (
				91BFCB472AA0A870000BB0D0 /* Base */,
			);
			name = LaunchScreen.storyboard;
			sourceTree = "<group>";
		};
/* End PBXVariantGroup section */

/* Begin XCBuildConfiguration section */
		91BFCB602AA0A871000BB0D0 /* Debug */ = {
			isa = XCBuildConfiguration;
			buildSettings = {
				ALWAYS_SEARCH_USER_PATHS = NO;
				CLANG_ANALYZER_NONNULL = YES;
				CLANG_ANALYZER_NUMBER_OBJECT_CONVERSION = YES_AGGRESSIVE;
				CLANG_CXX_LANGUAGE_STANDARD = "gnu++20";
				CLANG_ENABLE_MODULES = YES;
				CLANG_ENABLE_OBJC_ARC = YES;
				CLANG_ENABLE_OBJC_WEAK = YES;
				CLANG_WARN_BLOCK_CAPTURE_AUTORELEASING = YES;
				CLANG_WARN_BOOL_CONVERSION = YES;
				CLANG_WARN_COMMA = YES;
				CLANG_WARN_CONSTANT_CONVERSION = YES;
				CLANG_WARN_DEPRECATED_OBJC_IMPLEMENTATIONS = YES;
				CLANG_WARN_DIRECT_OBJC_ISA_USAGE = YES_ERROR;
				CLANG_WARN_DOCUMENTATION_COMMENTS = YES;
				CLANG_WARN_EMPTY_BODY = YES;
				CLANG_WARN_ENUM_CONVERSION = YES;
				CLANG_WARN_INFINITE_RECURSION = YES;
				CLANG_WARN_INT_CONVERSION = YES;
				CLANG_WARN_NON_LITERAL_NULL_CONVERSION = YES;
				CLANG_WARN_OBJC_IMPLICIT_RETAIN_SELF = YES;
				CLANG_WARN_OBJC_LITERAL_CONVERSION = YES;
				CLANG_WARN_OBJC_ROOT_CLASS = YES_ERROR;
				CLANG_WARN_QUOTED_INCLUDE_IN_FRAMEWORK_HEADER = YES;
				CLANG_WARN_RANGE_LOOP_ANALYSIS = YES;
				CLANG_WARN_STRICT_PROTOTYPES = YES;
				CLANG_WARN_SUSPICIOUS_MOVE = YES;
				CLANG_WARN_UNGUARDED_AVAILABILITY = YES_AGGRESSIVE;
				CLANG_WARN_UNREACHABLE_CODE = YES;
				CLANG_WARN__DUPLICATE_METHOD_MATCH = YES;
				COPY_PHASE_STRIP = NO;
				DEBUG_INFORMATION_FORMAT = dwarf;
				ENABLE_STRICT_OBJC_MSGSEND = YES;
				ENABLE_TESTABILITY = YES;
				GCC_C_LANGUAGE_STANDARD = gnu11;
				GCC_DYNAMIC_NO_PIC = NO;
				GCC_NO_COMMON_BLOCKS = YES;
				GCC_OPTIMIZATION_LEVEL = 0;
				GCC_PREPROCESSOR_DEFINITIONS = (
					"DEBUG=1",
					"$(inherited)",
				);
				GCC_WARN_64_TO_32_BIT_CONVERSION = YES;
				GCC_WARN_ABOUT_RETURN_TYPE = YES_ERROR;
				GCC_WARN_UNDECLARED_SELECTOR = YES;
				GCC_WARN_UNINITIALIZED_AUTOS = YES_AGGRESSIVE;
				GCC_WARN_UNUSED_FUNCTION = YES;
				GCC_WARN_UNUSED_VARIABLE = YES;
				IPHONEOS_DEPLOYMENT_TARGET = 16.4;
				MTL_ENABLE_DEBUG_INFO = INCLUDE_SOURCE;
				MTL_FAST_MATH = YES;
				ONLY_ACTIVE_ARCH = YES;
				SDKROOT = iphoneos;
				SWIFT_ACTIVE_COMPILATION_CONDITIONS = DEBUG;
				SWIFT_OPTIMIZATION_LEVEL = "-Onone";
			};
			name = Debug;
		};
		91BFCB612AA0A871000BB0D0 /* Release */ = {
			isa = XCBuildConfiguration;
			buildSettings = {
				ALWAYS_SEARCH_USER_PATHS = NO;
				CLANG_ANALYZER_NONNULL = YES;
				CLANG_ANALYZER_NUMBER_OBJECT_CONVERSION = YES_AGGRESSIVE;
				CLANG_CXX_LANGUAGE_STANDARD = "gnu++20";
				CLANG_ENABLE_MODULES = YES;
				CLANG_ENABLE_OBJC_ARC = YES;
				CLANG_ENABLE_OBJC_WEAK = YES;
				CLANG_WARN_BLOCK_CAPTURE_AUTORELEASING = YES;
				CLANG_WARN_BOOL_CONVERSION = YES;
				CLANG_WARN_COMMA = YES;
				CLANG_WARN_CONSTANT_CONVERSION = YES;
				CLANG_WARN_DEPRECATED_OBJC_IMPLEMENTATIONS = YES;
				CLANG_WARN_DIRECT_OBJC_ISA_USAGE = YES_ERROR;
				CLANG_WARN_DOCUMENTATION_COMMENTS = YES;
				CLANG_WARN_EMPTY_BODY = YES;
				CLANG_WARN_ENUM_CONVERSION = YES;
				CLANG_WARN_INFINITE_RECURSION = YES;
				CLANG_WARN_INT_CONVERSION = YES;
				CLANG_WARN_NON_LITERAL_NULL_CONVERSION = YES;
				CLANG_WARN_OBJC_IMPLICIT_RETAIN_SELF = YES;
				CLANG_WARN_OBJC_LITERAL_CONVERSION = YES;
				CLANG_WARN_OBJC_ROOT_CLASS = YES_ERROR;
				CLANG_WARN_QUOTED_INCLUDE_IN_FRAMEWORK_HEADER = YES;
				CLANG_WARN_RANGE_LOOP_ANALYSIS = YES;
				CLANG_WARN_STRICT_PROTOTYPES = YES;
				CLANG_WARN_SUSPICIOUS_MOVE = YES;
				CLANG_WARN_UNGUARDED_AVAILABILITY = YES_AGGRESSIVE;
				CLANG_WARN_UNREACHABLE_CODE = YES;
				CLANG_WARN__DUPLICATE_METHOD_MATCH = YES;
				COPY_PHASE_STRIP = NO;
				DEBUG_INFORMATION_FORMAT = "dwarf-with-dsym";
				ENABLE_NS_ASSERTIONS = NO;
				ENABLE_STRICT_OBJC_MSGSEND = YES;
				GCC_C_LANGUAGE_STANDARD = gnu11;
				GCC_NO_COMMON_BLOCKS = YES;
				GCC_WARN_64_TO_32_BIT_CONVERSION = YES;
				GCC_WARN_ABOUT_RETURN_TYPE = YES_ERROR;
				GCC_WARN_UNDECLARED_SELECTOR = YES;
				GCC_WARN_UNINITIALIZED_AUTOS = YES_AGGRESSIVE;
				GCC_WARN_UNUSED_FUNCTION = YES;
				GCC_WARN_UNUSED_VARIABLE = YES;
				IPHONEOS_DEPLOYMENT_TARGET = 16.4;
				MTL_ENABLE_DEBUG_INFO = NO;
				MTL_FAST_MATH = YES;
				SDKROOT = iphoneos;
				SWIFT_COMPILATION_MODE = wholemodule;
				SWIFT_OPTIMIZATION_LEVEL = "-O";
				VALIDATE_PRODUCT = YES;
			};
			name = Release;
		};
		91BFCB632AA0A871000BB0D0 /* Debug */ = {
			isa = XCBuildConfiguration;
			buildSettings = {
				ASSETCATALOG_COMPILER_APPICON_NAME = AppIcon;
				ASSETCATALOG_COMPILER_GLOBAL_ACCENT_COLOR_NAME = AccentColor;
				CODE_SIGN_STYLE = Automatic;
				CURRENT_PROJECT_VERSION = 1;
				GENERATE_INFOPLIST_FILE = YES;
				INFOPLIST_FILE = TOPQuestions/Info.plist;
				INFOPLIST_KEY_UIApplicationSupportsIndirectInputEvents = YES;
				INFOPLIST_KEY_UILaunchStoryboardName = LaunchScreen;
				INFOPLIST_KEY_UISupportedInterfaceOrientations_iPad = "UIInterfaceOrientationPortrait UIInterfaceOrientationPortraitUpsideDown UIInterfaceOrientationLandscapeLeft UIInterfaceOrientationLandscapeRight";
				INFOPLIST_KEY_UISupportedInterfaceOrientations_iPhone = "UIInterfaceOrientationPortrait UIInterfaceOrientationLandscapeLeft UIInterfaceOrientationLandscapeRight";
				LD_RUNPATH_SEARCH_PATHS = (
					"$(inherited)",
					"@executable_path/Frameworks",
				);
				MARKETING_VERSION = 1.0;
				PRODUCT_BUNDLE_IDENTIFIER = com.bzhemba.TOPQuestions;
				PRODUCT_NAME = "$(TARGET_NAME)";
				SWIFT_EMIT_LOC_STRINGS = YES;
				SWIFT_VERSION = 5.0;
				TARGETED_DEVICE_FAMILY = "1,2";
			};
			name = Debug;
		};
		91BFCB642AA0A871000BB0D0 /* Release */ = {
			isa = XCBuildConfiguration;
			buildSettings = {
				ASSETCATALOG_COMPILER_APPICON_NAME = AppIcon;
				ASSETCATALOG_COMPILER_GLOBAL_ACCENT_COLOR_NAME = AccentColor;
				CODE_SIGN_STYLE = Automatic;
				CURRENT_PROJECT_VERSION = 1;
				GENERATE_INFOPLIST_FILE = YES;
				INFOPLIST_FILE = TOPQuestions/Info.plist;
				INFOPLIST_KEY_UIApplicationSupportsIndirectInputEvents = YES;
				INFOPLIST_KEY_UILaunchStoryboardName = LaunchScreen;
				INFOPLIST_KEY_UISupportedInterfaceOrientations_iPad = "UIInterfaceOrientationPortrait UIInterfaceOrientationPortraitUpsideDown UIInterfaceOrientationLandscapeLeft UIInterfaceOrientationLandscapeRight";
				INFOPLIST_KEY_UISupportedInterfaceOrientations_iPhone = "UIInterfaceOrientationPortrait UIInterfaceOrientationLandscapeLeft UIInterfaceOrientationLandscapeRight";
				LD_RUNPATH_SEARCH_PATHS = (
					"$(inherited)",
					"@executable_path/Frameworks",
				);
				MARKETING_VERSION = 1.0;
				PRODUCT_BUNDLE_IDENTIFIER = com.bzhemba.TOPQuestions;
				PRODUCT_NAME = "$(TARGET_NAME)";
				SWIFT_EMIT_LOC_STRINGS = YES;
				SWIFT_VERSION = 5.0;
				TARGETED_DEVICE_FAMILY = "1,2";
			};
			name = Release;
		};
		91BFCB662AA0A871000BB0D0 /* Debug */ = {
			isa = XCBuildConfiguration;
			buildSettings = {
				ALWAYS_EMBED_SWIFT_STANDARD_LIBRARIES = YES;
				BUNDLE_LOADER = "$(TEST_HOST)";
				CODE_SIGN_STYLE = Automatic;
				CURRENT_PROJECT_VERSION = 1;
				GENERATE_INFOPLIST_FILE = YES;
				IPHONEOS_DEPLOYMENT_TARGET = 16.4;
				MARKETING_VERSION = 1.0;
				PRODUCT_BUNDLE_IDENTIFIER = com.bzhemba.TOPQuestionsTests;
				PRODUCT_NAME = "$(TARGET_NAME)";
				SWIFT_EMIT_LOC_STRINGS = NO;
				SWIFT_VERSION = 5.0;
				TARGETED_DEVICE_FAMILY = "1,2";
				TEST_HOST = "$(BUILT_PRODUCTS_DIR)/TOPQuestions.app/$(BUNDLE_EXECUTABLE_FOLDER_PATH)/TOPQuestions";
			};
			name = Debug;
		};
		91BFCB672AA0A871000BB0D0 /* Release */ = {
			isa = XCBuildConfiguration;
			buildSettings = {
				ALWAYS_EMBED_SWIFT_STANDARD_LIBRARIES = YES;
				BUNDLE_LOADER = "$(TEST_HOST)";
				CODE_SIGN_STYLE = Automatic;
				CURRENT_PROJECT_VERSION = 1;
				GENERATE_INFOPLIST_FILE = YES;
				IPHONEOS_DEPLOYMENT_TARGET = 16.4;
				MARKETING_VERSION = 1.0;
				PRODUCT_BUNDLE_IDENTIFIER = com.bzhemba.TOPQuestionsTests;
				PRODUCT_NAME = "$(TARGET_NAME)";
				SWIFT_EMIT_LOC_STRINGS = NO;
				SWIFT_VERSION = 5.0;
				TARGETED_DEVICE_FAMILY = "1,2";
				TEST_HOST = "$(BUILT_PRODUCTS_DIR)/TOPQuestions.app/$(BUNDLE_EXECUTABLE_FOLDER_PATH)/TOPQuestions";
			};
			name = Release;
		};
		91BFCB692AA0A871000BB0D0 /* Debug */ = {
			isa = XCBuildConfiguration;
			buildSettings = {
				ALWAYS_EMBED_SWIFT_STANDARD_LIBRARIES = YES;
				CODE_SIGN_STYLE = Automatic;
				CURRENT_PROJECT_VERSION = 1;
				GENERATE_INFOPLIST_FILE = YES;
				MARKETING_VERSION = 1.0;
				PRODUCT_BUNDLE_IDENTIFIER = com.bzhemba.TOPQuestionsUITests;
				PRODUCT_NAME = "$(TARGET_NAME)";
				SWIFT_EMIT_LOC_STRINGS = NO;
				SWIFT_VERSION = 5.0;
				TARGETED_DEVICE_FAMILY = "1,2";
				TEST_TARGET_NAME = TOPQuestions;
			};
			name = Debug;
		};
		91BFCB6A2AA0A871000BB0D0 /* Release */ = {
			isa = XCBuildConfiguration;
			buildSettings = {
				ALWAYS_EMBED_SWIFT_STANDARD_LIBRARIES = YES;
				CODE_SIGN_STYLE = Automatic;
				CURRENT_PROJECT_VERSION = 1;
				GENERATE_INFOPLIST_FILE = YES;
				MARKETING_VERSION = 1.0;
				PRODUCT_BUNDLE_IDENTIFIER = com.bzhemba.TOPQuestionsUITests;
				PRODUCT_NAME = "$(TARGET_NAME)";
				SWIFT_EMIT_LOC_STRINGS = NO;
				SWIFT_VERSION = 5.0;
				TARGETED_DEVICE_FAMILY = "1,2";
				TEST_TARGET_NAME = TOPQuestions;
			};
			name = Release;
		};
/* End XCBuildConfiguration section */

/* Begin XCConfigurationList section */
		91BFCB332AA0A86F000BB0D0 /* Build configuration list for PBXProject "TOPQuestions" */ = {
			isa = XCConfigurationList;
			buildConfigurations = (
				91BFCB602AA0A871000BB0D0 /* Debug */,
				91BFCB612AA0A871000BB0D0 /* Release */,
			);
			defaultConfigurationIsVisible = 0;
			defaultConfigurationName = Release;
		};
		91BFCB622AA0A871000BB0D0 /* Build configuration list for PBXNativeTarget "TOPQuestions" */ = {
			isa = XCConfigurationList;
			buildConfigurations = (
				91BFCB632AA0A871000BB0D0 /* Debug */,
				91BFCB642AA0A871000BB0D0 /* Release */,
			);
			defaultConfigurationIsVisible = 0;
			defaultConfigurationName = Release;
		};
		91BFCB652AA0A871000BB0D0 /* Build configuration list for PBXNativeTarget "TOPQuestionsTests" */ = {
			isa = XCConfigurationList;
			buildConfigurations = (
				91BFCB662AA0A871000BB0D0 /* Debug */,
				91BFCB672AA0A871000BB0D0 /* Release */,
			);
			defaultConfigurationIsVisible = 0;
			defaultConfigurationName = Release;
		};
		91BFCB682AA0A871000BB0D0 /* Build configuration list for PBXNativeTarget "TOPQuestionsUITests" */ = {
			isa = XCConfigurationList;
			buildConfigurations = (
				91BFCB692AA0A871000BB0D0 /* Debug */,
				91BFCB6A2AA0A871000BB0D0 /* Release */,
			);
			defaultConfigurationIsVisible = 0;
			defaultConfigurationName = Release;
		};
/* End XCConfigurationList section */
	};
	rootObject = 91BFCB302AA0A86F000BB0D0 /* Project object */;
}
